// !$*UTF8*$!
{
	archiveVersion = 1;
	classes = {
	};
	objectVersion = 77;
	objects = {

/* Begin PBXBuildFile section */
		6388781B2DC4D6E100028C5C /* Assets.xcassets in Resources */ = {isa = PBXBuildFile; fileRef = 638878172DC4D6E100028C5C /* Assets.xcassets */; };
		6388781C2DC4D6E100028C5C /* MainView.swift in Sources */ = {isa = PBXBuildFile; fileRef = 638878182DC4D6E100028C5C /* MainView.swift */; };
		6388781D2DC4D6E100028C5C /* TicketTerminalApp.swift in Sources */ = {isa = PBXBuildFile; fileRef = 638878192DC4D6E100028C5C /* TicketTerminalApp.swift */; };
		638878262DC4DB7F00028C5C /* ColorExtension.swift in Sources */ = {isa = PBXBuildFile; fileRef = 638878252DC4DB7C00028C5C /* ColorExtension.swift */; };
		6388782A2DC4DDE500028C5C /* MainNavBar.swift in Sources */ = {isa = PBXBuildFile; fileRef = 638878292DC4DDE500028C5C /* MainNavBar.swift */; };
		6388782C2DC4DE1D00028C5C /* ImageExtension.swift in Sources */ = {isa = PBXBuildFile; fileRef = 6388782B2DC4DE1900028C5C /* ImageExtension.swift */; };
		6388782E2DC52E9E00028C5C /* Texts.swift in Sources */ = {isa = PBXBuildFile; fileRef = 6388782D2DC52E9900028C5C /* Texts.swift */; };
		638878312DC5379800028C5C /* MainPageButtonModel.swift in Sources */ = {isa = PBXBuildFile; fileRef = 638878302DC5378A00028C5C /* MainPageButtonModel.swift */; };
/* End PBXBuildFile section */

/* Begin PBXFileReference section */
		638878092DC4D6D200028C5C /* TicketTerminal.app */ = {isa = PBXFileReference; explicitFileType = wrapper.application; includeInIndex = 0; path = TicketTerminal.app; sourceTree = BUILT_PRODUCTS_DIR; };
		638878172DC4D6E100028C5C /* Assets.xcassets */ = {isa = PBXFileReference; lastKnownFileType = folder.assetcatalog; path = Assets.xcassets; sourceTree = "<group>"; };
		638878182DC4D6E100028C5C /* MainView.swift */ = {isa = PBXFileReference; lastKnownFileType = sourcecode.swift; path = MainView.swift; sourceTree = "<group>"; };
		638878192DC4D6E100028C5C /* TicketTerminalApp.swift */ = {isa = PBXFileReference; lastKnownFileType = sourcecode.swift; path = TicketTerminalApp.swift; sourceTree = "<group>"; };
		638878252DC4DB7C00028C5C /* ColorExtension.swift */ = {isa = PBXFileReference; lastKnownFileType = sourcecode.swift; path = ColorExtension.swift; sourceTree = "<group>"; };
		638878292DC4DDE500028C5C /* MainNavBar.swift */ = {isa = PBXFileReference; lastKnownFileType = sourcecode.swift; path = MainNavBar.swift; sourceTree = "<group>"; };
		6388782B2DC4DE1900028C5C /* ImageExtension.swift */ = {isa = PBXFileReference; lastKnownFileType = sourcecode.swift; path = ImageExtension.swift; sourceTree = "<group>"; };
		6388782D2DC52E9900028C5C /* Texts.swift */ = {isa = PBXFileReference; lastKnownFileType = sourcecode.swift; path = Texts.swift; sourceTree = "<group>"; };
		638878302DC5378A00028C5C /* MainPageButtonModel.swift */ = {isa = PBXFileReference; lastKnownFileType = sourcecode.swift; path = MainPageButtonModel.swift; sourceTree = "<group>"; };
/* End PBXFileReference section */

/* Begin PBXFrameworksBuildPhase section */
		638878062DC4D6D200028C5C /* Frameworks */ = {
			isa = PBXFrameworksBuildPhase;
			buildActionMask = 2147483647;
			files = (
			);
			runOnlyForDeploymentPostprocessing = 0;
		};
/* End PBXFrameworksBuildPhase section */

/* Begin PBXGroup section */
		638878002DC4D6D200028C5C = {
			isa = PBXGroup;
			children = (
				6388781A2DC4D6E100028C5C /* TicketTerminal */,
				6388780A2DC4D6D200028C5C /* Products */,
			);
			sourceTree = "<group>";
		};
		6388780A2DC4D6D200028C5C /* Products */ = {
			isa = PBXGroup;
			children = (
				638878092DC4D6D200028C5C /* TicketTerminal.app */,
			);
			name = Products;
			sourceTree = "<group>";
		};
		6388781A2DC4D6E100028C5C /* TicketTerminal */ = {
			isa = PBXGroup;
			children = (
				6388781E2DC4D8CD00028C5C /* Application */,
				6388781F2DC4D9D400028C5C /* Modules */,
				638878232DC4DA3300028C5C /* Extensions */,
				638878222DC4DA1B00028C5C /* SupportFiles */,
			);
			path = TicketTerminal;
			sourceTree = "<group>";
		};
		6388781E2DC4D8CD00028C5C /* Application */ = {
			isa = PBXGroup;
			children = (
				638878192DC4D6E100028C5C /* TicketTerminalApp.swift */,
			);
			path = Application;
			sourceTree = "<group>";
		};
		6388781F2DC4D9D400028C5C /* Modules */ = {
			isa = PBXGroup;
			children = (
				638878202DC4D9E100028C5C /* MainModule */,
			);
			path = Modules;
			sourceTree = "<group>";
		};
		638878202DC4D9E100028C5C /* MainModule */ = {
			isa = PBXGroup;
			children = (
				6388782F2DC5378500028C5C /* Model */,
				638878212DC4D9ED00028C5C /* View */,
			);
			path = MainModule;
			sourceTree = "<group>";
		};
		638878212DC4D9ED00028C5C /* View */ = {
			isa = PBXGroup;
			children = (
				638878182DC4D6E100028C5C /* MainView.swift */,
				638878292DC4DDE500028C5C /* MainNavBar.swift */,
			);
			path = View;
			sourceTree = "<group>";
		};
		638878222DC4DA1B00028C5C /* SupportFiles */ = {
			isa = PBXGroup;
			children = (
				638878172DC4D6E100028C5C /* Assets.xcassets */,
			);
			path = SupportFiles;
			sourceTree = "<group>";
		};
		638878232DC4DA3300028C5C /* Extensions */ = {
			isa = PBXGroup;
			children = (
				638878252DC4DB7C00028C5C /* ColorExtension.swift */,
				6388782B2DC4DE1900028C5C /* ImageExtension.swift */,
				6388782D2DC52E9900028C5C /* Texts.swift */,
			);
			path = Extensions;
			sourceTree = "<group>";
		};
		6388782F2DC5378500028C5C /* Model */ = {
			isa = PBXGroup;
			children = (
				638878302DC5378A00028C5C /* MainPageButtonModel.swift */,
			);
			path = Model;
			sourceTree = "<group>";
		};
/* End PBXGroup section */

/* Begin PBXNativeTarget section */
		638878082DC4D6D200028C5C /* TicketTerminal */ = {
			isa = PBXNativeTarget;
			buildConfigurationList = 638878142DC4D6D400028C5C /* Build configuration list for PBXNativeTarget "TicketTerminal" */;
			buildPhases = (
				638878052DC4D6D200028C5C /* Sources */,
				638878062DC4D6D200028C5C /* Frameworks */,
				638878072DC4D6D200028C5C /* Resources */,
			);
			buildRules = (
			);
			dependencies = (
			);
			name = TicketTerminal;
			packageProductDependencies = (
			);
			productName = TicketTerminal;
			productReference = 638878092DC4D6D200028C5C /* TicketTerminal.app */;
			productType = "com.apple.product-type.application";
		};
/* End PBXNativeTarget section */

/* Begin PBXProject section */
		638878012DC4D6D200028C5C /* Project object */ = {
			isa = PBXProject;
			attributes = {
				BuildIndependentTargetsInParallel = 1;
				LastSwiftUpdateCheck = 1630;
				LastUpgradeCheck = 1630;
				TargetAttributes = {
					638878082DC4D6D200028C5C = {
						CreatedOnToolsVersion = 16.3;
					};
				};
			};
			buildConfigurationList = 638878042DC4D6D200028C5C /* Build configuration list for PBXProject "TicketTerminal" */;
			developmentRegion = en;
			hasScannedForEncodings = 0;
			knownRegions = (
				en,
				Base,
			);
			mainGroup = 638878002DC4D6D200028C5C;
			minimizedProjectReferenceProxies = 1;
			preferredProjectObjectVersion = 77;
			productRefGroup = 6388780A2DC4D6D200028C5C /* Products */;
			projectDirPath = "";
			projectRoot = "";
			targets = (
				638878082DC4D6D200028C5C /* TicketTerminal */,
			);
		};
/* End PBXProject section */

/* Begin PBXResourcesBuildPhase section */
		638878072DC4D6D200028C5C /* Resources */ = {
			isa = PBXResourcesBuildPhase;
			buildActionMask = 2147483647;
			files = (
				6388781B2DC4D6E100028C5C /* Assets.xcassets in Resources */,
			);
			runOnlyForDeploymentPostprocessing = 0;
		};
/* End PBXResourcesBuildPhase section */

/* Begin PBXSourcesBuildPhase section */
		638878052DC4D6D200028C5C /* Sources */ = {
			isa = PBXSourcesBuildPhase;
			buildActionMask = 2147483647;
			files = (
				6388782E2DC52E9E00028C5C /* Texts.swift in Sources */,
				638878312DC5379800028C5C /* MainPageButtonModel.swift in Sources */,
				638878262DC4DB7F00028C5C /* ColorExtension.swift in Sources */,
				6388781C2DC4D6E100028C5C /* MainView.swift in Sources */,
				6388782A2DC4DDE500028C5C /* MainNavBar.swift in Sources */,
				6388782C2DC4DE1D00028C5C /* ImageExtension.swift in Sources */,
				6388781D2DC4D6E100028C5C /* TicketTerminalApp.swift in Sources */,
			);
			runOnlyForDeploymentPostprocessing = 0;
		};
/* End PBXSourcesBuildPhase section */

/* Begin XCBuildConfiguration section */
		638878122DC4D6D400028C5C /* Debug */ = {
			isa = XCBuildConfiguration;
			buildSettings = {
				ALWAYS_SEARCH_USER_PATHS = NO;
				ASSETCATALOG_COMPILER_GENERATE_SWIFT_ASSET_SYMBOL_EXTENSIONS = YES;
				CLANG_ANALYZER_NONNULL = YES;
				CLANG_ANALYZER_NUMBER_OBJECT_CONVERSION = YES_AGGRESSIVE;
				CLANG_CXX_LANGUAGE_STANDARD = "gnu++20";
				CLANG_ENABLE_MODULES = YES;
				CLANG_ENABLE_OBJC_ARC = YES;
				CLANG_ENABLE_OBJC_WEAK = YES;
				CLANG_WARN_BLOCK_CAPTURE_AUTORELEASING = YES;
				CLANG_WARN_BOOL_CONVERSION = YES;
				CLANG_WARN_COMMA = YES;
				CLANG_WARN_CONSTANT_CONVERSION = YES;
				CLANG_WARN_DEPRECATED_OBJC_IMPLEMENTATIONS = YES;
				CLANG_WARN_DIRECT_OBJC_ISA_USAGE = YES_ERROR;
				CLANG_WARN_DOCUMENTATION_COMMENTS = YES;
				CLANG_WARN_EMPTY_BODY = YES;
				CLANG_WARN_ENUM_CONVERSION = YES;
				CLANG_WARN_INFINITE_RECURSION = YES;
				CLANG_WARN_INT_CONVERSION = YES;
				CLANG_WARN_NON_LITERAL_NULL_CONVERSION = YES;
				CLANG_WARN_OBJC_IMPLICIT_RETAIN_SELF = YES;
				CLANG_WARN_OBJC_LITERAL_CONVERSION = YES;
				CLANG_WARN_OBJC_ROOT_CLASS = YES_ERROR;
				CLANG_WARN_QUOTED_INCLUDE_IN_FRAMEWORK_HEADER = YES;
				CLANG_WARN_RANGE_LOOP_ANALYSIS = YES;
				CLANG_WARN_STRICT_PROTOTYPES = YES;
				CLANG_WARN_SUSPICIOUS_MOVE = YES;
				CLANG_WARN_UNGUARDED_AVAILABILITY = YES_AGGRESSIVE;
				CLANG_WARN_UNREACHABLE_CODE = YES;
				CLANG_WARN__DUPLICATE_METHOD_MATCH = YES;
				COPY_PHASE_STRIP = NO;
				DEBUG_INFORMATION_FORMAT = dwarf;
				DEVELOPMENT_TEAM = NAJAJ652LV;
				ENABLE_STRICT_OBJC_MSGSEND = YES;
				ENABLE_TESTABILITY = YES;
				ENABLE_USER_SCRIPT_SANDBOXING = YES;
				GCC_C_LANGUAGE_STANDARD = gnu17;
				GCC_DYNAMIC_NO_PIC = NO;
				GCC_NO_COMMON_BLOCKS = YES;
				GCC_OPTIMIZATION_LEVEL = 0;
				GCC_PREPROCESSOR_DEFINITIONS = (
					"DEBUG=1",
					"$(inherited)",
				);
				GCC_WARN_64_TO_32_BIT_CONVERSION = YES;
				GCC_WARN_ABOUT_RETURN_TYPE = YES_ERROR;
				GCC_WARN_UNDECLARED_SELECTOR = YES;
				GCC_WARN_UNINITIALIZED_AUTOS = YES_AGGRESSIVE;
				GCC_WARN_UNUSED_FUNCTION = YES;
				GCC_WARN_UNUSED_VARIABLE = YES;
				IPHONEOS_DEPLOYMENT_TARGET = 18.4;
				LOCALIZATION_PREFERS_STRING_CATALOGS = YES;
				MTL_ENABLE_DEBUG_INFO = INCLUDE_SOURCE;
				MTL_FAST_MATH = YES;
				ONLY_ACTIVE_ARCH = YES;
				SDKROOT = iphoneos;
				SWIFT_ACTIVE_COMPILATION_CONDITIONS = "DEBUG $(inherited)";
				SWIFT_OPTIMIZATION_LEVEL = "-Onone";
			};
			name = Debug;
		};
		638878132DC4D6D400028C5C /* Release */ = {
			isa = XCBuildConfiguration;
			buildSettings = {
				ALWAYS_SEARCH_USER_PATHS = NO;
				ASSETCATALOG_COMPILER_GENERATE_SWIFT_ASSET_SYMBOL_EXTENSIONS = YES;
				CLANG_ANALYZER_NONNULL = YES;
				CLANG_ANALYZER_NUMBER_OBJECT_CONVERSION = YES_AGGRESSIVE;
				CLANG_CXX_LANGUAGE_STANDARD = "gnu++20";
				CLANG_ENABLE_MODULES = YES;
				CLANG_ENABLE_OBJC_ARC = YES;
				CLANG_ENABLE_OBJC_WEAK = YES;
				CLANG_WARN_BLOCK_CAPTURE_AUTORELEASING = YES;
				CLANG_WARN_BOOL_CONVERSION = YES;
				CLANG_WARN_COMMA = YES;
				CLANG_WARN_CONSTANT_CONVERSION = YES;
				CLANG_WARN_DEPRECATED_OBJC_IMPLEMENTATIONS = YES;
				CLANG_WARN_DIRECT_OBJC_ISA_USAGE = YES_ERROR;
				CLANG_WARN_DOCUMENTATION_COMMENTS = YES;
				CLANG_WARN_EMPTY_BODY = YES;
				CLANG_WARN_ENUM_CONVERSION = YES;
				CLANG_WARN_INFINITE_RECURSION = YES;
				CLANG_WARN_INT_CONVERSION = YES;
				CLANG_WARN_NON_LITERAL_NULL_CONVERSION = YES;
				CLANG_WARN_OBJC_IMPLICIT_RETAIN_SELF = YES;
				CLANG_WARN_OBJC_LITERAL_CONVERSION = YES;
				CLANG_WARN_OBJC_ROOT_CLASS = YES_ERROR;
				CLANG_WARN_QUOTED_INCLUDE_IN_FRAMEWORK_HEADER = YES;
				CLANG_WARN_RANGE_LOOP_ANALYSIS = YES;
				CLANG_WARN_STRICT_PROTOTYPES = YES;
				CLANG_WARN_SUSPICIOUS_MOVE = YES;
				CLANG_WARN_UNGUARDED_AVAILABILITY = YES_AGGRESSIVE;
				CLANG_WARN_UNREACHABLE_CODE = YES;
				CLANG_WARN__DUPLICATE_METHOD_MATCH = YES;
				COPY_PHASE_STRIP = NO;
				DEBUG_INFORMATION_FORMAT = "dwarf-with-dsym";
				DEVELOPMENT_TEAM = NAJAJ652LV;
				ENABLE_NS_ASSERTIONS = NO;
				ENABLE_STRICT_OBJC_MSGSEND = YES;
				ENABLE_USER_SCRIPT_SANDBOXING = YES;
				GCC_C_LANGUAGE_STANDARD = gnu17;
				GCC_NO_COMMON_BLOCKS = YES;
				GCC_WARN_64_TO_32_BIT_CONVERSION = YES;
				GCC_WARN_ABOUT_RETURN_TYPE = YES_ERROR;
				GCC_WARN_UNDECLARED_SELECTOR = YES;
				GCC_WARN_UNINITIALIZED_AUTOS = YES_AGGRESSIVE;
				GCC_WARN_UNUSED_FUNCTION = YES;
				GCC_WARN_UNUSED_VARIABLE = YES;
				IPHONEOS_DEPLOYMENT_TARGET = 18.4;
				LOCALIZATION_PREFERS_STRING_CATALOGS = YES;
				MTL_ENABLE_DEBUG_INFO = NO;
				MTL_FAST_MATH = YES;
				SDKROOT = iphoneos;
				SWIFT_COMPILATION_MODE = wholemodule;
				VALIDATE_PRODUCT = YES;
			};
			name = Release;
		};
		638878152DC4D6D400028C5C /* Debug */ = {
			isa = XCBuildConfiguration;
			buildSettings = {
				ASSETCATALOG_COMPILER_APPICON_NAME = AppIcon;
				ASSETCATALOG_COMPILER_GLOBAL_ACCENT_COLOR_NAME = AccentColor;
				CODE_SIGN_STYLE = Automatic;
				CURRENT_PROJECT_VERSION = 1;
				DEVELOPMENT_TEAM = NAJAJ652LV;
				ENABLE_PREVIEWS = YES;
				GENERATE_INFOPLIST_FILE = YES;
				INFOPLIST_KEY_CFBundleDisplayName = "Ticket Terminal";
				INFOPLIST_KEY_LSApplicationCategoryType = "public.app-category.travel";
				INFOPLIST_KEY_UIApplicationSceneManifest_Generation = YES;
				INFOPLIST_KEY_UIApplicationSupportsIndirectInputEvents = YES;
				INFOPLIST_KEY_UILaunchScreen_Generation = YES;
				INFOPLIST_KEY_UISupportedInterfaceOrientations = "UIInterfaceOrientationLandscapeLeft UIInterfaceOrientationLandscapeRight UIInterfaceOrientationPortrait";
				INFOPLIST_KEY_UISupportedInterfaceOrientations_iPad = UIInterfaceOrientationPortrait;
				IPHONEOS_DEPLOYMENT_TARGET = 18.0;
				LD_RUNPATH_SEARCH_PATHS = (
					"$(inherited)",
					"@executable_path/Frameworks",
				);
				MARKETING_VERSION = 0.0.1;
				PRODUCT_BUNDLE_IDENTIFIER = com.avoqode.TicketTerminal;
				PRODUCT_NAME = "$(TARGET_NAME)";
				SUPPORTED_PLATFORMS = "iphoneos iphonesimulator";
				SUPPORTS_MACCATALYST = NO;
				SUPPORTS_MAC_DESIGNED_FOR_IPHONE_IPAD = NO;
				SUPPORTS_XR_DESIGNED_FOR_IPHONE_IPAD = NO;
				SWIFT_EMIT_LOC_STRINGS = YES;
				SWIFT_VERSION = 5.0;
				TARGETED_DEVICE_FAMILY = 2;
			};
			name = Debug;
		};
		638878162DC4D6D400028C5C /* Release */ = {
			isa = XCBuildConfiguration;
			buildSettings = {
				ASSETCATALOG_COMPILER_APPICON_NAME = AppIcon;
				ASSETCATALOG_COMPILER_GLOBAL_ACCENT_COLOR_NAME = AccentColor;
				CODE_SIGN_STYLE = Automatic;
				CURRENT_PROJECT_VERSION = 1;
				DEVELOPMENT_TEAM = NAJAJ652LV;
				ENABLE_PREVIEWS = YES;
				GENERATE_INFOPLIST_FILE = YES;
				INFOPLIST_KEY_CFBundleDisplayName = "Ticket Terminal";
				INFOPLIST_KEY_LSApplicationCategoryType = "public.app-category.travel";
				INFOPLIST_KEY_UIApplicationSceneManifest_Generation = YES;
				INFOPLIST_KEY_UIApplicationSupportsIndirectInputEvents = YES;
				INFOPLIST_KEY_UILaunchScreen_Generation = YES;
				INFOPLIST_KEY_UISupportedInterfaceOrientations = "UIInterfaceOrientationLandscapeLeft UIInterfaceOrientationLandscapeRight UIInterfaceOrientationPortrait";
				INFOPLIST_KEY_UISupportedInterfaceOrientations_iPad = UIInterfaceOrientationPortrait;
				IPHONEOS_DEPLOYMENT_TARGET = 18.0;
				LD_RUNPATH_SEARCH_PATHS = (
					"$(inherited)",
					"@executable_path/Frameworks",
				);
				MARKETING_VERSION = 0.0.1;
				PRODUCT_BUNDLE_IDENTIFIER = com.avoqode.TicketTerminal;
				PRODUCT_NAME = "$(TARGET_NAME)";
				SUPPORTED_PLATFORMS = "iphoneos iphonesimulator";
				SUPPORTS_MACCATALYST = NO;
				SUPPORTS_MAC_DESIGNED_FOR_IPHONE_IPAD = NO;
				SUPPORTS_XR_DESIGNED_FOR_IPHONE_IPAD = NO;
				SWIFT_EMIT_LOC_STRINGS = YES;
				SWIFT_VERSION = 5.0;
				TARGETED_DEVICE_FAMILY = 2;
			};
			name = Release;
		};
/* End XCBuildConfiguration section */

/* Begin XCConfigurationList section */
		638878042DC4D6D200028C5C /* Build configuration list for PBXProject "TicketTerminal" */ = {
			isa = XCConfigurationList;
			buildConfigurations = (
				638878122DC4D6D400028C5C /* Debug */,
				638878132DC4D6D400028C5C /* Release */,
			);
			defaultConfigurationIsVisible = 0;
			defaultConfigurationName = Release;
		};
		638878142DC4D6D400028C5C /* Build configuration list for PBXNativeTarget "TicketTerminal" */ = {
			isa = XCConfigurationList;
			buildConfigurations = (
				638878152DC4D6D400028C5C /* Debug */,
				638878162DC4D6D400028C5C /* Release */,
			);
			defaultConfigurationIsVisible = 0;
			defaultConfigurationName = Release;
		};
/* End XCConfigurationList section */
	};
	rootObject = 638878012DC4D6D200028C5C /* Project object */;
}
