// !$*UTF8*$!
{
	archiveVersion = 1;
	classes = {
	};
	objectVersion = 77;
	objects = {

/* Begin PBXBuildFile section */
		6304906E2DC77603002E9AAA /* CustomNavBarContainerView.swift in Sources */ = {isa = PBXBuildFile; fileRef = 6304906B2DC77603002E9AAA /* CustomNavBarContainerView.swift */; };
		6304906F2DC77603002E9AAA /* FullSwipeNavigationStack.swift in Sources */ = {isa = PBXBuildFile; fileRef = 6304906D2DC77603002E9AAA /* FullSwipeNavigationStack.swift */; };
		630490702DC77603002E9AAA /* CustomNavLink.swift in Sources */ = {isa = PBXBuildFile; fileRef = 6304906C2DC77603002E9AAA /* CustomNavLink.swift */; };
		630490732DC778A9002E9AAA /* AccessibilityView.swift in Sources */ = {isa = PBXBuildFile; fileRef = 630490722DC778A9002E9AAA /* AccessibilityView.swift */; };
		630490752DC778DD002E9AAA /* AccessibilityParamCellView.swift in Sources */ = {isa = PBXBuildFile; fileRef = 630490742DC778DD002E9AAA /* AccessibilityParamCellView.swift */; };
		630490792DC778F7002E9AAA /* AccessibilityModel.swift in Sources */ = {isa = PBXBuildFile; fileRef = 630490782DC778F2002E9AAA /* AccessibilityModel.swift */; };
		6304907B2DC77D6D002E9AAA /* AccessibilityParamSelector.swift in Sources */ = {isa = PBXBuildFile; fileRef = 6304907A2DC77D6D002E9AAA /* AccessibilityParamSelector.swift */; };
		6304907E2DC77DD6002E9AAA /* AccessibilityParamSelectorCell.swift in Sources */ = {isa = PBXBuildFile; fileRef = 6304907D2DC77DD6002E9AAA /* AccessibilityParamSelectorCell.swift */; };
		631635DD2DC8D9C60024EE2D /* AssistantView.swift in Sources */ = {isa = PBXBuildFile; fileRef = 631635DC2DC8D9C60024EE2D /* AssistantView.swift */; };
		631635E52DC90C300024EE2D /* BuyView.swift in Sources */ = {isa = PBXBuildFile; fileRef = 631635E42DC90C300024EE2D /* BuyView.swift */; };
		631635E72DC9106B0024EE2D /* BuyTextFieldBlockView.swift in Sources */ = {isa = PBXBuildFile; fileRef = 631635E62DC9106B0024EE2D /* BuyTextFieldBlockView.swift */; };
		631635E92DC910800024EE2D /* BuyTextField.swift in Sources */ = {isa = PBXBuildFile; fileRef = 631635E82DC910800024EE2D /* BuyTextField.swift */; };
		631635EB2DC913670024EE2D /* BuyTargetModel.swift in Sources */ = {isa = PBXBuildFile; fileRef = 631635EA2DC9131B0024EE2D /* BuyTargetModel.swift */; };
		631635F12DC914330024EE2D /* BuyViewModel.swift in Sources */ = {isa = PBXBuildFile; fileRef = 631635F02DC9142E0024EE2D /* BuyViewModel.swift */; };
		631635F42DC91F6D0024EE2D /* BuyDateSelector.swift in Sources */ = {isa = PBXBuildFile; fileRef = 631635F32DC91F6D0024EE2D /* BuyDateSelector.swift */; };
		631635F62DC920AC0024EE2D /* BuyDateSelectorModel.swift in Sources */ = {isa = PBXBuildFile; fileRef = 631635F52DC920A50024EE2D /* BuyDateSelectorModel.swift */; };
		631635F82DC927870024EE2D /* BuyDateBlockView.swift in Sources */ = {isa = PBXBuildFile; fileRef = 631635F72DC927870024EE2D /* BuyDateBlockView.swift */; };
		631635FB2DC92B0A0024EE2D /* BuyButtonView.swift in Sources */ = {isa = PBXBuildFile; fileRef = 631635FA2DC92B0A0024EE2D /* BuyButtonView.swift */; };
		631635FD2DC92B1A0024EE2D /* BuyButtonModel.swift in Sources */ = {isa = PBXBuildFile; fileRef = 631635FC2DC92B170024EE2D /* BuyButtonModel.swift */; };
		631635FF2DC92C2E0024EE2D /* Background.swift in Sources */ = {isa = PBXBuildFile; fileRef = 631635FE2DC92C2E0024EE2D /* Background.swift */; };
		631636012DC92F1F0024EE2D /* BuyButtonBlockView.swift in Sources */ = {isa = PBXBuildFile; fileRef = 631636002DC92F1F0024EE2D /* BuyButtonBlockView.swift */; };
		6316ADD62DC564F1001BD921 /* SplashScreen.swift in Sources */ = {isa = PBXBuildFile; fileRef = 6316ADD52DC564F1001BD921 /* SplashScreen.swift */; };
		6316ADD92DC57AF3001BD921 /* TicketManagementCell.swift in Sources */ = {isa = PBXBuildFile; fileRef = 6316ADD82DC57AF3001BD921 /* TicketManagementCell.swift */; };
		6316ADDB2DC57B46001BD921 /* TicketManagementModel.swift in Sources */ = {isa = PBXBuildFile; fileRef = 6316ADDA2DC57B40001BD921 /* TicketManagementModel.swift */; };
		6316ADDD2DC58165001BD921 /* TicketManagementView.swift in Sources */ = {isa = PBXBuildFile; fileRef = 6316ADDC2DC58165001BD921 /* TicketManagementView.swift */; };
		6316ADE02DC62BDA001BD921 /* AboutAppView.swift in Sources */ = {isa = PBXBuildFile; fileRef = 6316ADDF2DC62BDA001BD921 /* AboutAppView.swift */; };
		6316ADE52DC62C47001BD921 /* CustomNavBarView.swift in Sources */ = {isa = PBXBuildFile; fileRef = 6316ADE42DC62C47001BD921 /* CustomNavBarView.swift */; };
		6316ADE92DC62D90001BD921 /* CustomNavBarModel.swift in Sources */ = {isa = PBXBuildFile; fileRef = 6316ADE82DC62D8B001BD921 /* CustomNavBarModel.swift */; };
		6316ADEB2DC63614001BD921 /* AboutAppCellModel.swift in Sources */ = {isa = PBXBuildFile; fileRef = 6316ADEA2DC6360E001BD921 /* AboutAppCellModel.swift */; };
		6316ADED2DC638C0001BD921 /* AboutAppCellView.swift in Sources */ = {isa = PBXBuildFile; fileRef = 6316ADEC2DC638C0001BD921 /* AboutAppCellView.swift */; };
		6316ADEF2DC64B8A001BD921 /* LocationCoordinateExtension.swift in Sources */ = {isa = PBXBuildFile; fileRef = 6316ADEE2DC64B7D001BD921 /* LocationCoordinateExtension.swift */; };
		6316ADF72DC64FDF001BD921 /* AboutAppViewModel.swift in Sources */ = {isa = PBXBuildFile; fileRef = 6316ADF62DC64FDA001BD921 /* AboutAppViewModel.swift */; };
		6316ADFA2DC655D8001BD921 /* MainViewModel.swift in Sources */ = {isa = PBXBuildFile; fileRef = 6316ADF92DC655D5001BD921 /* MainViewModel.swift */; };
		636EF4C12DC796AC004B259B /* AccessibilityFontColorModel.swift in Sources */ = {isa = PBXBuildFile; fileRef = 636EF4C02DC7967C004B259B /* AccessibilityFontColorModel.swift */; };
		636EF4C32DC79846004B259B /* AccessibilityFontSizeModel.swift in Sources */ = {isa = PBXBuildFile; fileRef = 636EF4C22DC7983B004B259B /* AccessibilityFontSizeModel.swift */; };
		636EF4C52DC79986004B259B /* AccessibilityImparedModeModel.swift in Sources */ = {isa = PBXBuildFile; fileRef = 636EF4C42DC7996C004B259B /* AccessibilityImparedModeModel.swift */; };
		636EF4CA2DC79A6E004B259B /* AccessibilityScreenReaderModel.swift in Sources */ = {isa = PBXBuildFile; fileRef = 636EF4C92DC79A5E004B259B /* AccessibilityScreenReaderModel.swift */; };
		636EF4CD2DC79C20004B259B /* AccessibilityViewModel.swift in Sources */ = {isa = PBXBuildFile; fileRef = 636EF4CC2DC79C1A004B259B /* AccessibilityViewModel.swift */; };
		636EF4CF2DC7E43F004B259B /* FontExtension.swift in Sources */ = {isa = PBXBuildFile; fileRef = 636EF4CE2DC7E43B004B259B /* FontExtension.swift */; };
		636EF4D32DC7E8CC004B259B /* AccessibilityManager.swift in Sources */ = {isa = PBXBuildFile; fileRef = 636EF4D22DC7E8C6004B259B /* AccessibilityManager.swift */; };
		6388781B2DC4D6E100028C5C /* Assets.xcassets in Resources */ = {isa = PBXBuildFile; fileRef = 638878172DC4D6E100028C5C /* Assets.xcassets */; };
		6388781C2DC4D6E100028C5C /* MainView.swift in Sources */ = {isa = PBXBuildFile; fileRef = 638878182DC4D6E100028C5C /* MainView.swift */; };
		6388781D2DC4D6E100028C5C /* TicketTerminalApp.swift in Sources */ = {isa = PBXBuildFile; fileRef = 638878192DC4D6E100028C5C /* TicketTerminalApp.swift */; };
		638878262DC4DB7F00028C5C /* ColorExtension.swift in Sources */ = {isa = PBXBuildFile; fileRef = 638878252DC4DB7C00028C5C /* ColorExtension.swift */; };
		6388782A2DC4DDE500028C5C /* MainNavBar.swift in Sources */ = {isa = PBXBuildFile; fileRef = 638878292DC4DDE500028C5C /* MainNavBar.swift */; };
		6388782C2DC4DE1D00028C5C /* ImageExtension.swift in Sources */ = {isa = PBXBuildFile; fileRef = 6388782B2DC4DE1900028C5C /* ImageExtension.swift */; };
		6388782E2DC52E9E00028C5C /* Texts.swift in Sources */ = {isa = PBXBuildFile; fileRef = 6388782D2DC52E9900028C5C /* Texts.swift */; };
		638878312DC5379800028C5C /* NavBarButtonModel.swift in Sources */ = {isa = PBXBuildFile; fileRef = 638878302DC5378A00028C5C /* NavBarButtonModel.swift */; };
		638878342DC53EAA00028C5C /* AssistantWeatherButtons.swift in Sources */ = {isa = PBXBuildFile; fileRef = 638878332DC53EAA00028C5C /* AssistantWeatherButtons.swift */; };
		638878362DC5445B00028C5C /* DetailedButtonModel.swift in Sources */ = {isa = PBXBuildFile; fileRef = 638878352DC5444200028C5C /* DetailedButtonModel.swift */; };
		638878392DC54AC000028C5C /* TripCell.swift in Sources */ = {isa = PBXBuildFile; fileRef = 638878382DC54AC000028C5C /* TripCell.swift */; };
		6388783B2DC54B8000028C5C /* TripModel.swift in Sources */ = {isa = PBXBuildFile; fileRef = 6388783A2DC54B7D00028C5C /* TripModel.swift */; };
		6388783D2DC553DC00028C5C /* TripScroller.swift in Sources */ = {isa = PBXBuildFile; fileRef = 6388783C2DC553D800028C5C /* TripScroller.swift */; };
/* End PBXBuildFile section */

/* Begin PBXFileReference section */
		6304906B2DC77603002E9AAA /* CustomNavBarContainerView.swift */ = {isa = PBXFileReference; lastKnownFileType = sourcecode.swift; path = CustomNavBarContainerView.swift; sourceTree = "<group>"; };
		6304906C2DC77603002E9AAA /* CustomNavLink.swift */ = {isa = PBXFileReference; lastKnownFileType = sourcecode.swift; path = CustomNavLink.swift; sourceTree = "<group>"; };
		6304906D2DC77603002E9AAA /* FullSwipeNavigationStack.swift */ = {isa = PBXFileReference; lastKnownFileType = sourcecode.swift; path = FullSwipeNavigationStack.swift; sourceTree = "<group>"; };
		630490722DC778A9002E9AAA /* AccessibilityView.swift */ = {isa = PBXFileReference; lastKnownFileType = sourcecode.swift; path = AccessibilityView.swift; sourceTree = "<group>"; };
		630490742DC778DD002E9AAA /* AccessibilityParamCellView.swift */ = {isa = PBXFileReference; lastKnownFileType = sourcecode.swift; path = AccessibilityParamCellView.swift; sourceTree = "<group>"; };
		630490782DC778F2002E9AAA /* AccessibilityModel.swift */ = {isa = PBXFileReference; lastKnownFileType = sourcecode.swift; path = AccessibilityModel.swift; sourceTree = "<group>"; };
		6304907A2DC77D6D002E9AAA /* AccessibilityParamSelector.swift */ = {isa = PBXFileReference; lastKnownFileType = sourcecode.swift; path = AccessibilityParamSelector.swift; sourceTree = "<group>"; };
		6304907D2DC77DD6002E9AAA /* AccessibilityParamSelectorCell.swift */ = {isa = PBXFileReference; lastKnownFileType = sourcecode.swift; path = AccessibilityParamSelectorCell.swift; sourceTree = "<group>"; };
		631635DC2DC8D9C60024EE2D /* AssistantView.swift */ = {isa = PBXFileReference; lastKnownFileType = sourcecode.swift; path = AssistantView.swift; sourceTree = "<group>"; };
		631635E42DC90C300024EE2D /* BuyView.swift */ = {isa = PBXFileReference; lastKnownFileType = sourcecode.swift; path = BuyView.swift; sourceTree = "<group>"; };
		631635E62DC9106B0024EE2D /* BuyTextFieldBlockView.swift */ = {isa = PBXFileReference; lastKnownFileType = sourcecode.swift; path = BuyTextFieldBlockView.swift; sourceTree = "<group>"; };
		631635E82DC910800024EE2D /* BuyTextField.swift */ = {isa = PBXFileReference; lastKnownFileType = sourcecode.swift; path = BuyTextField.swift; sourceTree = "<group>"; };
		631635EA2DC9131B0024EE2D /* BuyTargetModel.swift */ = {isa = PBXFileReference; lastKnownFileType = sourcecode.swift; path = BuyTargetModel.swift; sourceTree = "<group>"; };
		631635F02DC9142E0024EE2D /* BuyViewModel.swift */ = {isa = PBXFileReference; lastKnownFileType = sourcecode.swift; path = BuyViewModel.swift; sourceTree = "<group>"; };
		631635F32DC91F6D0024EE2D /* BuyDateSelector.swift */ = {isa = PBXFileReference; lastKnownFileType = sourcecode.swift; path = BuyDateSelector.swift; sourceTree = "<group>"; };
		631635F52DC920A50024EE2D /* BuyDateSelectorModel.swift */ = {isa = PBXFileReference; lastKnownFileType = sourcecode.swift; path = BuyDateSelectorModel.swift; sourceTree = "<group>"; };
		631635F72DC927870024EE2D /* BuyDateBlockView.swift */ = {isa = PBXFileReference; lastKnownFileType = sourcecode.swift; path = BuyDateBlockView.swift; sourceTree = "<group>"; };
		631635FA2DC92B0A0024EE2D /* BuyButtonView.swift */ = {isa = PBXFileReference; lastKnownFileType = sourcecode.swift; path = BuyButtonView.swift; sourceTree = "<group>"; };
		631635FC2DC92B170024EE2D /* BuyButtonModel.swift */ = {isa = PBXFileReference; lastKnownFileType = sourcecode.swift; path = BuyButtonModel.swift; sourceTree = "<group>"; };
		631635FE2DC92C2E0024EE2D /* Background.swift */ = {isa = PBXFileReference; lastKnownFileType = sourcecode.swift; path = Background.swift; sourceTree = "<group>"; };
		631636002DC92F1F0024EE2D /* BuyButtonBlockView.swift */ = {isa = PBXFileReference; lastKnownFileType = sourcecode.swift; path = BuyButtonBlockView.swift; sourceTree = "<group>"; };
		6316ADD52DC564F1001BD921 /* SplashScreen.swift */ = {isa = PBXFileReference; lastKnownFileType = sourcecode.swift; path = SplashScreen.swift; sourceTree = "<group>"; };
		6316ADD82DC57AF3001BD921 /* TicketManagementCell.swift */ = {isa = PBXFileReference; lastKnownFileType = sourcecode.swift; path = TicketManagementCell.swift; sourceTree = "<group>"; };
		6316ADDA2DC57B40001BD921 /* TicketManagementModel.swift */ = {isa = PBXFileReference; lastKnownFileType = sourcecode.swift; path = TicketManagementModel.swift; sourceTree = "<group>"; };
		6316ADDC2DC58165001BD921 /* TicketManagementView.swift */ = {isa = PBXFileReference; lastKnownFileType = sourcecode.swift; path = TicketManagementView.swift; sourceTree = "<group>"; };
		6316ADDF2DC62BDA001BD921 /* AboutAppView.swift */ = {isa = PBXFileReference; lastKnownFileType = sourcecode.swift; path = AboutAppView.swift; sourceTree = "<group>"; };
		6316ADE42DC62C47001BD921 /* CustomNavBarView.swift */ = {isa = PBXFileReference; lastKnownFileType = sourcecode.swift; path = CustomNavBarView.swift; sourceTree = "<group>"; };
		6316ADE82DC62D8B001BD921 /* CustomNavBarModel.swift */ = {isa = PBXFileReference; lastKnownFileType = sourcecode.swift; path = CustomNavBarModel.swift; sourceTree = "<group>"; };
		6316ADEA2DC6360E001BD921 /* AboutAppCellModel.swift */ = {isa = PBXFileReference; lastKnownFileType = sourcecode.swift; path = AboutAppCellModel.swift; sourceTree = "<group>"; };
		6316ADEC2DC638C0001BD921 /* AboutAppCellView.swift */ = {isa = PBXFileReference; lastKnownFileType = sourcecode.swift; path = AboutAppCellView.swift; sourceTree = "<group>"; };
		6316ADEE2DC64B7D001BD921 /* LocationCoordinateExtension.swift */ = {isa = PBXFileReference; lastKnownFileType = sourcecode.swift; path = LocationCoordinateExtension.swift; sourceTree = "<group>"; };
		6316ADF62DC64FDA001BD921 /* AboutAppViewModel.swift */ = {isa = PBXFileReference; lastKnownFileType = sourcecode.swift; path = AboutAppViewModel.swift; sourceTree = "<group>"; };
		6316ADF92DC655D5001BD921 /* MainViewModel.swift */ = {isa = PBXFileReference; lastKnownFileType = sourcecode.swift; path = MainViewModel.swift; sourceTree = "<group>"; };
		636EF4C02DC7967C004B259B /* AccessibilityFontColorModel.swift */ = {isa = PBXFileReference; lastKnownFileType = sourcecode.swift; path = AccessibilityFontColorModel.swift; sourceTree = "<group>"; };
		636EF4C22DC7983B004B259B /* AccessibilityFontSizeModel.swift */ = {isa = PBXFileReference; lastKnownFileType = sourcecode.swift; path = AccessibilityFontSizeModel.swift; sourceTree = "<group>"; };
		636EF4C42DC7996C004B259B /* AccessibilityImparedModeModel.swift */ = {isa = PBXFileReference; lastKnownFileType = sourcecode.swift; path = AccessibilityImparedModeModel.swift; sourceTree = "<group>"; };
		636EF4C92DC79A5E004B259B /* AccessibilityScreenReaderModel.swift */ = {isa = PBXFileReference; lastKnownFileType = sourcecode.swift; path = AccessibilityScreenReaderModel.swift; sourceTree = "<group>"; };
		636EF4CC2DC79C1A004B259B /* AccessibilityViewModel.swift */ = {isa = PBXFileReference; lastKnownFileType = sourcecode.swift; path = AccessibilityViewModel.swift; sourceTree = "<group>"; };
		636EF4CE2DC7E43B004B259B /* FontExtension.swift */ = {isa = PBXFileReference; lastKnownFileType = sourcecode.swift; path = FontExtension.swift; sourceTree = "<group>"; };
		636EF4D22DC7E8C6004B259B /* AccessibilityManager.swift */ = {isa = PBXFileReference; lastKnownFileType = sourcecode.swift; path = AccessibilityManager.swift; sourceTree = "<group>"; };
		638878092DC4D6D200028C5C /* TicketTerminal.app */ = {isa = PBXFileReference; explicitFileType = wrapper.application; includeInIndex = 0; path = TicketTerminal.app; sourceTree = BUILT_PRODUCTS_DIR; };
		638878172DC4D6E100028C5C /* Assets.xcassets */ = {isa = PBXFileReference; lastKnownFileType = folder.assetcatalog; path = Assets.xcassets; sourceTree = "<group>"; };
		638878182DC4D6E100028C5C /* MainView.swift */ = {isa = PBXFileReference; lastKnownFileType = sourcecode.swift; path = MainView.swift; sourceTree = "<group>"; };
		638878192DC4D6E100028C5C /* TicketTerminalApp.swift */ = {isa = PBXFileReference; lastKnownFileType = sourcecode.swift; path = TicketTerminalApp.swift; sourceTree = "<group>"; };
		638878252DC4DB7C00028C5C /* ColorExtension.swift */ = {isa = PBXFileReference; lastKnownFileType = sourcecode.swift; path = ColorExtension.swift; sourceTree = "<group>"; };
		638878292DC4DDE500028C5C /* MainNavBar.swift */ = {isa = PBXFileReference; lastKnownFileType = sourcecode.swift; path = MainNavBar.swift; sourceTree = "<group>"; };
		6388782B2DC4DE1900028C5C /* ImageExtension.swift */ = {isa = PBXFileReference; lastKnownFileType = sourcecode.swift; path = ImageExtension.swift; sourceTree = "<group>"; };
		6388782D2DC52E9900028C5C /* Texts.swift */ = {isa = PBXFileReference; lastKnownFileType = sourcecode.swift; path = Texts.swift; sourceTree = "<group>"; };
		638878302DC5378A00028C5C /* NavBarButtonModel.swift */ = {isa = PBXFileReference; lastKnownFileType = sourcecode.swift; path = NavBarButtonModel.swift; sourceTree = "<group>"; };
		638878332DC53EAA00028C5C /* AssistantWeatherButtons.swift */ = {isa = PBXFileReference; lastKnownFileType = sourcecode.swift; path = AssistantWeatherButtons.swift; sourceTree = "<group>"; };
		638878352DC5444200028C5C /* DetailedButtonModel.swift */ = {isa = PBXFileReference; lastKnownFileType = sourcecode.swift; path = DetailedButtonModel.swift; sourceTree = "<group>"; };
		638878382DC54AC000028C5C /* TripCell.swift */ = {isa = PBXFileReference; lastKnownFileType = sourcecode.swift; path = TripCell.swift; sourceTree = "<group>"; };
		6388783A2DC54B7D00028C5C /* TripModel.swift */ = {isa = PBXFileReference; lastKnownFileType = sourcecode.swift; path = TripModel.swift; sourceTree = "<group>"; };
		6388783C2DC553D800028C5C /* TripScroller.swift */ = {isa = PBXFileReference; lastKnownFileType = sourcecode.swift; path = TripScroller.swift; sourceTree = "<group>"; };
/* End PBXFileReference section */

/* Begin PBXFrameworksBuildPhase section */
		638878062DC4D6D200028C5C /* Frameworks */ = {
			isa = PBXFrameworksBuildPhase;
			buildActionMask = 2147483647;
			files = (
			);
			runOnlyForDeploymentPostprocessing = 0;
		};
/* End PBXFrameworksBuildPhase section */

/* Begin PBXGroup section */
		630490712DC77864002E9AAA /* AccessibilityModule */ = {
			isa = PBXGroup;
			children = (
				630490772DC778EE002E9AAA /* Model */,
				630490762DC778E7002E9AAA /* View */,
				636EF4CB2DC79C0D004B259B /* ViewModel */,
			);
			path = AccessibilityModule;
			sourceTree = "<group>";
		};
		630490762DC778E7002E9AAA /* View */ = {
			isa = PBXGroup;
			children = (
				630490722DC778A9002E9AAA /* AccessibilityView.swift */,
				6304907C2DC77D8E002E9AAA /* Subviews */,
			);
			path = View;
			sourceTree = "<group>";
		};
		630490772DC778EE002E9AAA /* Model */ = {
			isa = PBXGroup;
			children = (
				630490782DC778F2002E9AAA /* AccessibilityModel.swift */,
				636EF4C62DC79A25004B259B /* ParamModels */,
			);
			path = Model;
			sourceTree = "<group>";
		};
		6304907C2DC77D8E002E9AAA /* Subviews */ = {
			isa = PBXGroup;
			children = (
				630490742DC778DD002E9AAA /* AccessibilityParamCellView.swift */,
				6304907A2DC77D6D002E9AAA /* AccessibilityParamSelector.swift */,
				6304907D2DC77DD6002E9AAA /* AccessibilityParamSelectorCell.swift */,
			);
			path = Subviews;
			sourceTree = "<group>";
		};
		631635D92DC8D98B0024EE2D /* AssistantModule */ = {
			isa = PBXGroup;
			children = (
				631635DC2DC8D9C60024EE2D /* AssistantView.swift */,
			);
			path = AssistantModule;
			sourceTree = "<group>";
		};
		631635DE2DC8DC9D0024EE2D /* Model */ = {
			isa = PBXGroup;
			children = (
				6316ADE82DC62D8B001BD921 /* CustomNavBarModel.swift */,
			);
			path = Model;
			sourceTree = "<group>";
		};
		631635DF2DC8DCA10024EE2D /* View */ = {
			isa = PBXGroup;
			children = (
				6316ADE42DC62C47001BD921 /* CustomNavBarView.swift */,
				6304906B2DC77603002E9AAA /* CustomNavBarContainerView.swift */,
			);
			path = View;
			sourceTree = "<group>";
		};
		631635E02DC8DCAA0024EE2D /* Navigation */ = {
			isa = PBXGroup;
			children = (
				6304906C2DC77603002E9AAA /* CustomNavLink.swift */,
				6304906D2DC77603002E9AAA /* FullSwipeNavigationStack.swift */,
			);
			path = Navigation;
			sourceTree = "<group>";
		};
		631635E12DC90BDE0024EE2D /* BuyModule */ = {
			isa = PBXGroup;
			children = (
				631635EC2DC913F90024EE2D /* Model */,
				631635ED2DC9140A0024EE2D /* View */,
				631635EF2DC914220024EE2D /* ViewModel */,
			);
			path = BuyModule;
			sourceTree = "<group>";
		};
		631635EC2DC913F90024EE2D /* Model */ = {
			isa = PBXGroup;
			children = (
				631635FC2DC92B170024EE2D /* BuyButtonModel.swift */,
				631635EA2DC9131B0024EE2D /* BuyTargetModel.swift */,
				631635F52DC920A50024EE2D /* BuyDateSelectorModel.swift */,
			);
			path = Model;
			sourceTree = "<group>";
		};
		631635ED2DC9140A0024EE2D /* View */ = {
			isa = PBXGroup;
			children = (
				631635E42DC90C300024EE2D /* BuyView.swift */,
				631635EE2DC914160024EE2D /* TextField */,
				631635F22DC91F4E0024EE2D /* DateSelector */,
				631635F92DC92AE00024EE2D /* Buttons */,
			);
			path = View;
			sourceTree = "<group>";
		};
		631635EE2DC914160024EE2D /* TextField */ = {
			isa = PBXGroup;
			children = (
				631635E82DC910800024EE2D /* BuyTextField.swift */,
				631635E62DC9106B0024EE2D /* BuyTextFieldBlockView.swift */,
			);
			path = TextField;
			sourceTree = "<group>";
		};
		631635EF2DC914220024EE2D /* ViewModel */ = {
			isa = PBXGroup;
			children = (
				631635F02DC9142E0024EE2D /* BuyViewModel.swift */,
			);
			path = ViewModel;
			sourceTree = "<group>";
		};
		631635F22DC91F4E0024EE2D /* DateSelector */ = {
			isa = PBXGroup;
			children = (
				631635F32DC91F6D0024EE2D /* BuyDateSelector.swift */,
				631635F72DC927870024EE2D /* BuyDateBlockView.swift */,
			);
			path = DateSelector;
			sourceTree = "<group>";
		};
		631635F92DC92AE00024EE2D /* Buttons */ = {
			isa = PBXGroup;
			children = (
				631635FA2DC92B0A0024EE2D /* BuyButtonView.swift */,
				631636002DC92F1F0024EE2D /* BuyButtonBlockView.swift */,
			);
			path = Buttons;
			sourceTree = "<group>";
		};
		6316ADD42DC564D8001BD921 /* OpeningModule */ = {
			isa = PBXGroup;
			children = (
				6316ADD52DC564F1001BD921 /* SplashScreen.swift */,
			);
			path = OpeningModule;
			sourceTree = "<group>";
		};
		6316ADD72DC57ACA001BD921 /* TicketManagement */ = {
			isa = PBXGroup;
			children = (
				6316ADD82DC57AF3001BD921 /* TicketManagementCell.swift */,
				6316ADDC2DC58165001BD921 /* TicketManagementView.swift */,
			);
			path = TicketManagement;
			sourceTree = "<group>";
		};
		6316ADDE2DC62BC1001BD921 /* AboutModule */ = {
			isa = PBXGroup;
			children = (
				6316ADF12DC64F59001BD921 /* Model */,
				6316ADF02DC64F47001BD921 /* View */,
				6316ADF52DC64FD5001BD921 /* ViewModel */,
			);
			path = AboutModule;
			sourceTree = "<group>";
		};
		6316ADE62DC62C4D001BD921 /* Helpers */ = {
			isa = PBXGroup;
			children = (
				6316ADE72DC62D6E001BD921 /* CustomNavBar */,
				636EF4D22DC7E8C6004B259B /* AccessibilityManager.swift */,
				631635FE2DC92C2E0024EE2D /* Background.swift */,
			);
			path = Helpers;
			sourceTree = "<group>";
		};
		6316ADE72DC62D6E001BD921 /* CustomNavBar */ = {
			isa = PBXGroup;
			children = (
				631635DE2DC8DC9D0024EE2D /* Model */,
				631635DF2DC8DCA10024EE2D /* View */,
				631635E02DC8DCAA0024EE2D /* Navigation */,
			);
			path = CustomNavBar;
			sourceTree = "<group>";
		};
		6316ADF02DC64F47001BD921 /* View */ = {
			isa = PBXGroup;
			children = (
				6316ADDF2DC62BDA001BD921 /* AboutAppView.swift */,
				6316ADEC2DC638C0001BD921 /* AboutAppCellView.swift */,
			);
			path = View;
			sourceTree = "<group>";
		};
		6316ADF12DC64F59001BD921 /* Model */ = {
			isa = PBXGroup;
			children = (
				6316ADEA2DC6360E001BD921 /* AboutAppCellModel.swift */,
			);
			path = Model;
			sourceTree = "<group>";
		};
		6316ADF52DC64FD5001BD921 /* ViewModel */ = {
			isa = PBXGroup;
			children = (
				6316ADF62DC64FDA001BD921 /* AboutAppViewModel.swift */,
			);
			path = ViewModel;
			sourceTree = "<group>";
		};
		6316ADF82DC655CB001BD921 /* ViewModel */ = {
			isa = PBXGroup;
			children = (
				6316ADF92DC655D5001BD921 /* MainViewModel.swift */,
			);
			path = ViewModel;
			sourceTree = "<group>";
		};
		636EF4C62DC79A25004B259B /* ParamModels */ = {
			isa = PBXGroup;
			children = (
				636EF4C02DC7967C004B259B /* AccessibilityFontColorModel.swift */,
				636EF4C22DC7983B004B259B /* AccessibilityFontSizeModel.swift */,
				636EF4C42DC7996C004B259B /* AccessibilityImparedModeModel.swift */,
				636EF4C92DC79A5E004B259B /* AccessibilityScreenReaderModel.swift */,
			);
			path = ParamModels;
			sourceTree = "<group>";
		};
		636EF4CB2DC79C0D004B259B /* ViewModel */ = {
			isa = PBXGroup;
			children = (
				636EF4CC2DC79C1A004B259B /* AccessibilityViewModel.swift */,
			);
			path = ViewModel;
			sourceTree = "<group>";
		};
		638878002DC4D6D200028C5C = {
			isa = PBXGroup;
			children = (
				6388781A2DC4D6E100028C5C /* TicketTerminal */,
				6388780A2DC4D6D200028C5C /* Products */,
			);
			sourceTree = "<group>";
		};
		6388780A2DC4D6D200028C5C /* Products */ = {
			isa = PBXGroup;
			children = (
				638878092DC4D6D200028C5C /* TicketTerminal.app */,
			);
			name = Products;
			sourceTree = "<group>";
		};
		6388781A2DC4D6E100028C5C /* TicketTerminal */ = {
			isa = PBXGroup;
			children = (
				6388781E2DC4D8CD00028C5C /* Application */,
				6388781F2DC4D9D400028C5C /* Modules */,
				6316ADE62DC62C4D001BD921 /* Helpers */,
				638878232DC4DA3300028C5C /* Extensions */,
				638878222DC4DA1B00028C5C /* SupportFiles */,
			);
			path = TicketTerminal;
			sourceTree = "<group>";
		};
		6388781E2DC4D8CD00028C5C /* Application */ = {
			isa = PBXGroup;
			children = (
				638878192DC4D6E100028C5C /* TicketTerminalApp.swift */,
			);
			path = Application;
			sourceTree = "<group>";
		};
		6388781F2DC4D9D400028C5C /* Modules */ = {
			isa = PBXGroup;
			children = (
				6316ADD42DC564D8001BD921 /* OpeningModule */,
				638878202DC4D9E100028C5C /* MainModule */,
				6316ADDE2DC62BC1001BD921 /* AboutModule */,
				630490712DC77864002E9AAA /* AccessibilityModule */,
				631635D92DC8D98B0024EE2D /* AssistantModule */,
				631635E12DC90BDE0024EE2D /* BuyModule */,
			);
			path = Modules;
			sourceTree = "<group>";
		};
		638878202DC4D9E100028C5C /* MainModule */ = {
			isa = PBXGroup;
			children = (
				6388782F2DC5378500028C5C /* Model */,
				638878212DC4D9ED00028C5C /* View */,
				6316ADF82DC655CB001BD921 /* ViewModel */,
			);
			path = MainModule;
			sourceTree = "<group>";
		};
		638878212DC4D9ED00028C5C /* View */ = {
			isa = PBXGroup;
			children = (
				638878182DC4D6E100028C5C /* MainView.swift */,
				638878322DC53E7300028C5C /* Subviews */,
				638878372DC549AE00028C5C /* TripScroller */,
				6316ADD72DC57ACA001BD921 /* TicketManagement */,
			);
			path = View;
			sourceTree = "<group>";
		};
		638878222DC4DA1B00028C5C /* SupportFiles */ = {
			isa = PBXGroup;
			children = (
				638878172DC4D6E100028C5C /* Assets.xcassets */,
			);
			path = SupportFiles;
			sourceTree = "<group>";
		};
		638878232DC4DA3300028C5C /* Extensions */ = {
			isa = PBXGroup;
			children = (
				638878252DC4DB7C00028C5C /* ColorExtension.swift */,
				6388782B2DC4DE1900028C5C /* ImageExtension.swift */,
				636EF4CE2DC7E43B004B259B /* FontExtension.swift */,
				6388782D2DC52E9900028C5C /* Texts.swift */,
				6316ADEE2DC64B7D001BD921 /* LocationCoordinateExtension.swift */,
			);
			path = Extensions;
			sourceTree = "<group>";
		};
		6388782F2DC5378500028C5C /* Model */ = {
			isa = PBXGroup;
			children = (
				6388783A2DC54B7D00028C5C /* TripModel.swift */,
				6316ADDA2DC57B40001BD921 /* TicketManagementModel.swift */,
				638878352DC5444200028C5C /* DetailedButtonModel.swift */,
				638878302DC5378A00028C5C /* NavBarButtonModel.swift */,
			);
			path = Model;
			sourceTree = "<group>";
		};
		638878322DC53E7300028C5C /* Subviews */ = {
			isa = PBXGroup;
			children = (
				638878292DC4DDE500028C5C /* MainNavBar.swift */,
				638878332DC53EAA00028C5C /* AssistantWeatherButtons.swift */,
			);
			path = Subviews;
			sourceTree = "<group>";
		};
		638878372DC549AE00028C5C /* TripScroller */ = {
			isa = PBXGroup;
			children = (
				638878382DC54AC000028C5C /* TripCell.swift */,
				6388783C2DC553D800028C5C /* TripScroller.swift */,
			);
			path = TripScroller;
			sourceTree = "<group>";
		};
/* End PBXGroup section */

/* Begin PBXNativeTarget section */
		638878082DC4D6D200028C5C /* TicketTerminal */ = {
			isa = PBXNativeTarget;
			buildConfigurationList = 638878142DC4D6D400028C5C /* Build configuration list for PBXNativeTarget "TicketTerminal" */;
			buildPhases = (
				638878052DC4D6D200028C5C /* Sources */,
				638878062DC4D6D200028C5C /* Frameworks */,
				638878072DC4D6D200028C5C /* Resources */,
			);
			buildRules = (
			);
			dependencies = (
			);
			name = TicketTerminal;
			packageProductDependencies = (
			);
			productName = TicketTerminal;
			productReference = 638878092DC4D6D200028C5C /* TicketTerminal.app */;
			productType = "com.apple.product-type.application";
		};
/* End PBXNativeTarget section */

/* Begin PBXProject section */
		638878012DC4D6D200028C5C /* Project object */ = {
			isa = PBXProject;
			attributes = {
				BuildIndependentTargetsInParallel = 1;
				LastSwiftUpdateCheck = 1630;
				LastUpgradeCheck = 1630;
				TargetAttributes = {
					638878082DC4D6D200028C5C = {
						CreatedOnToolsVersion = 16.3;
					};
				};
			};
			buildConfigurationList = 638878042DC4D6D200028C5C /* Build configuration list for PBXProject "TicketTerminal" */;
			developmentRegion = en;
			hasScannedForEncodings = 0;
			knownRegions = (
				en,
				Base,
			);
			mainGroup = 638878002DC4D6D200028C5C;
			minimizedProjectReferenceProxies = 1;
			preferredProjectObjectVersion = 77;
			productRefGroup = 6388780A2DC4D6D200028C5C /* Products */;
			projectDirPath = "";
			projectRoot = "";
			targets = (
				638878082DC4D6D200028C5C /* TicketTerminal */,
			);
		};
/* End PBXProject section */

/* Begin PBXResourcesBuildPhase section */
		638878072DC4D6D200028C5C /* Resources */ = {
			isa = PBXResourcesBuildPhase;
			buildActionMask = 2147483647;
			files = (
				6388781B2DC4D6E100028C5C /* Assets.xcassets in Resources */,
			);
			runOnlyForDeploymentPostprocessing = 0;
		};
/* End PBXResourcesBuildPhase section */

/* Begin PBXSourcesBuildPhase section */
		638878052DC4D6D200028C5C /* Sources */ = {
			isa = PBXSourcesBuildPhase;
			buildActionMask = 2147483647;
			files = (
				631635FD2DC92B1A0024EE2D /* BuyButtonModel.swift in Sources */,
				631635F12DC914330024EE2D /* BuyViewModel.swift in Sources */,
				631635FB2DC92B0A0024EE2D /* BuyButtonView.swift in Sources */,
				631635F62DC920AC0024EE2D /* BuyDateSelectorModel.swift in Sources */,
				6388782E2DC52E9E00028C5C /* Texts.swift in Sources */,
				630490732DC778A9002E9AAA /* AccessibilityView.swift in Sources */,
				6316ADDD2DC58165001BD921 /* TicketManagementView.swift in Sources */,
				631635DD2DC8D9C60024EE2D /* AssistantView.swift in Sources */,
				638878342DC53EAA00028C5C /* AssistantWeatherButtons.swift in Sources */,
				631636012DC92F1F0024EE2D /* BuyButtonBlockView.swift in Sources */,
				638878312DC5379800028C5C /* NavBarButtonModel.swift in Sources */,
				630490752DC778DD002E9AAA /* AccessibilityParamCellView.swift in Sources */,
				636EF4CF2DC7E43F004B259B /* FontExtension.swift in Sources */,
				631635E92DC910800024EE2D /* BuyTextField.swift in Sources */,
				6316ADEF2DC64B8A001BD921 /* LocationCoordinateExtension.swift in Sources */,
				638878262DC4DB7F00028C5C /* ColorExtension.swift in Sources */,
				636EF4C52DC79986004B259B /* AccessibilityImparedModeModel.swift in Sources */,
				631635E52DC90C300024EE2D /* BuyView.swift in Sources */,
				631635EB2DC913670024EE2D /* BuyTargetModel.swift in Sources */,
				630490792DC778F7002E9AAA /* AccessibilityModel.swift in Sources */,
				6304907E2DC77DD6002E9AAA /* AccessibilityParamSelectorCell.swift in Sources */,
				636EF4C32DC79846004B259B /* AccessibilityFontSizeModel.swift in Sources */,
				638878392DC54AC000028C5C /* TripCell.swift in Sources */,
				6316ADF72DC64FDF001BD921 /* AboutAppViewModel.swift in Sources */,
				6316ADE92DC62D90001BD921 /* CustomNavBarModel.swift in Sources */,
				636EF4CA2DC79A6E004B259B /* AccessibilityScreenReaderModel.swift in Sources */,
				6316ADEB2DC63614001BD921 /* AboutAppCellModel.swift in Sources */,
				6388781C2DC4D6E100028C5C /* MainView.swift in Sources */,
				638878362DC5445B00028C5C /* DetailedButtonModel.swift in Sources */,
				636EF4C12DC796AC004B259B /* AccessibilityFontColorModel.swift in Sources */,
				6316ADD62DC564F1001BD921 /* SplashScreen.swift in Sources */,
				631635F42DC91F6D0024EE2D /* BuyDateSelector.swift in Sources */,
				6304907B2DC77D6D002E9AAA /* AccessibilityParamSelector.swift in Sources */,
				6316ADE02DC62BDA001BD921 /* AboutAppView.swift in Sources */,
				6388782A2DC4DDE500028C5C /* MainNavBar.swift in Sources */,
				6388782C2DC4DE1D00028C5C /* ImageExtension.swift in Sources */,
				6316ADE52DC62C47001BD921 /* CustomNavBarView.swift in Sources */,
				6316ADD92DC57AF3001BD921 /* TicketManagementCell.swift in Sources */,
				636EF4CD2DC79C20004B259B /* AccessibilityViewModel.swift in Sources */,
				631635FF2DC92C2E0024EE2D /* Background.swift in Sources */,
				6316ADED2DC638C0001BD921 /* AboutAppCellView.swift in Sources */,
				631635F82DC927870024EE2D /* BuyDateBlockView.swift in Sources */,
				6316ADDB2DC57B46001BD921 /* TicketManagementModel.swift in Sources */,
				636EF4D32DC7E8CC004B259B /* AccessibilityManager.swift in Sources */,
				6388783D2DC553DC00028C5C /* TripScroller.swift in Sources */,
				6388781D2DC4D6E100028C5C /* TicketTerminalApp.swift in Sources */,
				6388783B2DC54B8000028C5C /* TripModel.swift in Sources */,
				631635E72DC9106B0024EE2D /* BuyTextFieldBlockView.swift in Sources */,
				6304906E2DC77603002E9AAA /* CustomNavBarContainerView.swift in Sources */,
				6304906F2DC77603002E9AAA /* FullSwipeNavigationStack.swift in Sources */,
				630490702DC77603002E9AAA /* CustomNavLink.swift in Sources */,
				6316ADFA2DC655D8001BD921 /* MainViewModel.swift in Sources */,
			);
			runOnlyForDeploymentPostprocessing = 0;
		};
/* End PBXSourcesBuildPhase section */

/* Begin XCBuildConfiguration section */
		638878122DC4D6D400028C5C /* Debug */ = {
			isa = XCBuildConfiguration;
			buildSettings = {
				ALWAYS_SEARCH_USER_PATHS = NO;
				ASSETCATALOG_COMPILER_GENERATE_SWIFT_ASSET_SYMBOL_EXTENSIONS = YES;
				CLANG_ANALYZER_NONNULL = YES;
				CLANG_ANALYZER_NUMBER_OBJECT_CONVERSION = YES_AGGRESSIVE;
				CLANG_CXX_LANGUAGE_STANDARD = "gnu++20";
				CLANG_ENABLE_MODULES = YES;
				CLANG_ENABLE_OBJC_ARC = YES;
				CLANG_ENABLE_OBJC_WEAK = YES;
				CLANG_WARN_BLOCK_CAPTURE_AUTORELEASING = YES;
				CLANG_WARN_BOOL_CONVERSION = YES;
				CLANG_WARN_COMMA = YES;
				CLANG_WARN_CONSTANT_CONVERSION = YES;
				CLANG_WARN_DEPRECATED_OBJC_IMPLEMENTATIONS = YES;
				CLANG_WARN_DIRECT_OBJC_ISA_USAGE = YES_ERROR;
				CLANG_WARN_DOCUMENTATION_COMMENTS = YES;
				CLANG_WARN_EMPTY_BODY = YES;
				CLANG_WARN_ENUM_CONVERSION = YES;
				CLANG_WARN_INFINITE_RECURSION = YES;
				CLANG_WARN_INT_CONVERSION = YES;
				CLANG_WARN_NON_LITERAL_NULL_CONVERSION = YES;
				CLANG_WARN_OBJC_IMPLICIT_RETAIN_SELF = YES;
				CLANG_WARN_OBJC_LITERAL_CONVERSION = YES;
				CLANG_WARN_OBJC_ROOT_CLASS = YES_ERROR;
				CLANG_WARN_QUOTED_INCLUDE_IN_FRAMEWORK_HEADER = YES;
				CLANG_WARN_RANGE_LOOP_ANALYSIS = YES;
				CLANG_WARN_STRICT_PROTOTYPES = YES;
				CLANG_WARN_SUSPICIOUS_MOVE = YES;
				CLANG_WARN_UNGUARDED_AVAILABILITY = YES_AGGRESSIVE;
				CLANG_WARN_UNREACHABLE_CODE = YES;
				CLANG_WARN__DUPLICATE_METHOD_MATCH = YES;
				COPY_PHASE_STRIP = NO;
				DEBUG_INFORMATION_FORMAT = dwarf;
				DEVELOPMENT_TEAM = NAJAJ652LV;
				ENABLE_STRICT_OBJC_MSGSEND = YES;
				ENABLE_TESTABILITY = YES;
				ENABLE_USER_SCRIPT_SANDBOXING = YES;
				GCC_C_LANGUAGE_STANDARD = gnu17;
				GCC_DYNAMIC_NO_PIC = NO;
				GCC_NO_COMMON_BLOCKS = YES;
				GCC_OPTIMIZATION_LEVEL = 0;
				GCC_PREPROCESSOR_DEFINITIONS = (
					"DEBUG=1",
					"$(inherited)",
				);
				GCC_WARN_64_TO_32_BIT_CONVERSION = YES;
				GCC_WARN_ABOUT_RETURN_TYPE = YES_ERROR;
				GCC_WARN_UNDECLARED_SELECTOR = YES;
				GCC_WARN_UNINITIALIZED_AUTOS = YES_AGGRESSIVE;
				GCC_WARN_UNUSED_FUNCTION = YES;
				GCC_WARN_UNUSED_VARIABLE = YES;
				IPHONEOS_DEPLOYMENT_TARGET = 18.4;
				LOCALIZATION_PREFERS_STRING_CATALOGS = YES;
				MTL_ENABLE_DEBUG_INFO = INCLUDE_SOURCE;
				MTL_FAST_MATH = YES;
				ONLY_ACTIVE_ARCH = YES;
				SDKROOT = iphoneos;
				SWIFT_ACTIVE_COMPILATION_CONDITIONS = "DEBUG $(inherited)";
				SWIFT_OPTIMIZATION_LEVEL = "-Onone";
			};
			name = Debug;
		};
		638878132DC4D6D400028C5C /* Release */ = {
			isa = XCBuildConfiguration;
			buildSettings = {
				ALWAYS_SEARCH_USER_PATHS = NO;
				ASSETCATALOG_COMPILER_GENERATE_SWIFT_ASSET_SYMBOL_EXTENSIONS = YES;
				CLANG_ANALYZER_NONNULL = YES;
				CLANG_ANALYZER_NUMBER_OBJECT_CONVERSION = YES_AGGRESSIVE;
				CLANG_CXX_LANGUAGE_STANDARD = "gnu++20";
				CLANG_ENABLE_MODULES = YES;
				CLANG_ENABLE_OBJC_ARC = YES;
				CLANG_ENABLE_OBJC_WEAK = YES;
				CLANG_WARN_BLOCK_CAPTURE_AUTORELEASING = YES;
				CLANG_WARN_BOOL_CONVERSION = YES;
				CLANG_WARN_COMMA = YES;
				CLANG_WARN_CONSTANT_CONVERSION = YES;
				CLANG_WARN_DEPRECATED_OBJC_IMPLEMENTATIONS = YES;
				CLANG_WARN_DIRECT_OBJC_ISA_USAGE = YES_ERROR;
				CLANG_WARN_DOCUMENTATION_COMMENTS = YES;
				CLANG_WARN_EMPTY_BODY = YES;
				CLANG_WARN_ENUM_CONVERSION = YES;
				CLANG_WARN_INFINITE_RECURSION = YES;
				CLANG_WARN_INT_CONVERSION = YES;
				CLANG_WARN_NON_LITERAL_NULL_CONVERSION = YES;
				CLANG_WARN_OBJC_IMPLICIT_RETAIN_SELF = YES;
				CLANG_WARN_OBJC_LITERAL_CONVERSION = YES;
				CLANG_WARN_OBJC_ROOT_CLASS = YES_ERROR;
				CLANG_WARN_QUOTED_INCLUDE_IN_FRAMEWORK_HEADER = YES;
				CLANG_WARN_RANGE_LOOP_ANALYSIS = YES;
				CLANG_WARN_STRICT_PROTOTYPES = YES;
				CLANG_WARN_SUSPICIOUS_MOVE = YES;
				CLANG_WARN_UNGUARDED_AVAILABILITY = YES_AGGRESSIVE;
				CLANG_WARN_UNREACHABLE_CODE = YES;
				CLANG_WARN__DUPLICATE_METHOD_MATCH = YES;
				COPY_PHASE_STRIP = NO;
				DEBUG_INFORMATION_FORMAT = "dwarf-with-dsym";
				DEVELOPMENT_TEAM = NAJAJ652LV;
				ENABLE_NS_ASSERTIONS = NO;
				ENABLE_STRICT_OBJC_MSGSEND = YES;
				ENABLE_USER_SCRIPT_SANDBOXING = YES;
				GCC_C_LANGUAGE_STANDARD = gnu17;
				GCC_NO_COMMON_BLOCKS = YES;
				GCC_WARN_64_TO_32_BIT_CONVERSION = YES;
				GCC_WARN_ABOUT_RETURN_TYPE = YES_ERROR;
				GCC_WARN_UNDECLARED_SELECTOR = YES;
				GCC_WARN_UNINITIALIZED_AUTOS = YES_AGGRESSIVE;
				GCC_WARN_UNUSED_FUNCTION = YES;
				GCC_WARN_UNUSED_VARIABLE = YES;
				IPHONEOS_DEPLOYMENT_TARGET = 18.4;
				LOCALIZATION_PREFERS_STRING_CATALOGS = YES;
				MTL_ENABLE_DEBUG_INFO = NO;
				MTL_FAST_MATH = YES;
				SDKROOT = iphoneos;
				SWIFT_COMPILATION_MODE = wholemodule;
				VALIDATE_PRODUCT = YES;
			};
			name = Release;
		};
		638878152DC4D6D400028C5C /* Debug */ = {
			isa = XCBuildConfiguration;
			buildSettings = {
				ASSETCATALOG_COMPILER_APPICON_NAME = AppIcon;
				ASSETCATALOG_COMPILER_GLOBAL_ACCENT_COLOR_NAME = AccentColor;
				CODE_SIGN_STYLE = Automatic;
				CURRENT_PROJECT_VERSION = 1;
				DEVELOPMENT_TEAM = NAJAJ652LV;
				ENABLE_PREVIEWS = YES;
				GENERATE_INFOPLIST_FILE = YES;
				INFOPLIST_KEY_CFBundleDisplayName = "Ticket Terminal";
				INFOPLIST_KEY_LSApplicationCategoryType = "public.app-category.travel";
				INFOPLIST_KEY_UIApplicationSceneManifest_Generation = YES;
				INFOPLIST_KEY_UIApplicationSupportsIndirectInputEvents = YES;
				INFOPLIST_KEY_UILaunchScreen_Generation = YES;
				INFOPLIST_KEY_UISupportedInterfaceOrientations = UIInterfaceOrientationPortrait;
				IPHONEOS_DEPLOYMENT_TARGET = 18.0;
				LD_RUNPATH_SEARCH_PATHS = (
					"$(inherited)",
					"@executable_path/Frameworks",
				);
				MARKETING_VERSION = 0.2;
				PRODUCT_BUNDLE_IDENTIFIER = com.avoqode.TicketTerminal;
				PRODUCT_NAME = "$(TARGET_NAME)";
				SUPPORTED_PLATFORMS = "iphoneos iphonesimulator";
				SUPPORTS_MACCATALYST = NO;
				SUPPORTS_MAC_DESIGNED_FOR_IPHONE_IPAD = NO;
				SUPPORTS_XR_DESIGNED_FOR_IPHONE_IPAD = NO;
				SWIFT_EMIT_LOC_STRINGS = YES;
				SWIFT_VERSION = 5.0;
				TARGETED_DEVICE_FAMILY = 2;
			};
			name = Debug;
		};
		638878162DC4D6D400028C5C /* Release */ = {
			isa = XCBuildConfiguration;
			buildSettings = {
				ASSETCATALOG_COMPILER_APPICON_NAME = AppIcon;
				ASSETCATALOG_COMPILER_GLOBAL_ACCENT_COLOR_NAME = AccentColor;
				CODE_SIGN_STYLE = Automatic;
				CURRENT_PROJECT_VERSION = 1;
				DEVELOPMENT_TEAM = NAJAJ652LV;
				ENABLE_PREVIEWS = YES;
				GENERATE_INFOPLIST_FILE = YES;
				INFOPLIST_KEY_CFBundleDisplayName = "Ticket Terminal";
				INFOPLIST_KEY_LSApplicationCategoryType = "public.app-category.travel";
				INFOPLIST_KEY_UIApplicationSceneManifest_Generation = YES;
				INFOPLIST_KEY_UIApplicationSupportsIndirectInputEvents = YES;
				INFOPLIST_KEY_UILaunchScreen_Generation = YES;
				INFOPLIST_KEY_UISupportedInterfaceOrientations = UIInterfaceOrientationPortrait;
				IPHONEOS_DEPLOYMENT_TARGET = 18.0;
				LD_RUNPATH_SEARCH_PATHS = (
					"$(inherited)",
					"@executable_path/Frameworks",
				);
				MARKETING_VERSION = 0.2;
				PRODUCT_BUNDLE_IDENTIFIER = com.avoqode.TicketTerminal;
				PRODUCT_NAME = "$(TARGET_NAME)";
				SUPPORTED_PLATFORMS = "iphoneos iphonesimulator";
				SUPPORTS_MACCATALYST = NO;
				SUPPORTS_MAC_DESIGNED_FOR_IPHONE_IPAD = NO;
				SUPPORTS_XR_DESIGNED_FOR_IPHONE_IPAD = NO;
				SWIFT_EMIT_LOC_STRINGS = YES;
				SWIFT_VERSION = 5.0;
				TARGETED_DEVICE_FAMILY = 2;
			};
			name = Release;
		};
/* End XCBuildConfiguration section */

/* Begin XCConfigurationList section */
		638878042DC4D6D200028C5C /* Build configuration list for PBXProject "TicketTerminal" */ = {
			isa = XCConfigurationList;
			buildConfigurations = (
				638878122DC4D6D400028C5C /* Debug */,
				638878132DC4D6D400028C5C /* Release */,
			);
			defaultConfigurationIsVisible = 0;
			defaultConfigurationName = Release;
		};
		638878142DC4D6D400028C5C /* Build configuration list for PBXNativeTarget "TicketTerminal" */ = {
			isa = XCConfigurationList;
			buildConfigurations = (
				638878152DC4D6D400028C5C /* Debug */,
				638878162DC4D6D400028C5C /* Release */,
			);
			defaultConfigurationIsVisible = 0;
			defaultConfigurationName = Release;
		};
/* End XCConfigurationList section */
	};
	rootObject = 638878012DC4D6D200028C5C /* Project object */;
}
